{
  "name": "zheng-blog",
  "lockfileVersion": 2,
  "requires": true,
  "packages": {
    "": {
      "dependencies": {
        "validation": "^0.0.1"
      }
    },
    "node_modules/validation": {
      "version": "0.0.1",
      "resolved": "https://registry.npmjs.org/validation/-/validation-0.0.1.tgz",
      "integrity": "sha512-wddkc+W23TtYJbBQNZc3vxfDXB/nkolCpCOkX/W5tSyK1hQenEHV7ZiAf3OR6N96a9+wzX7zsw3uSCfoTJgCyg==",
      "engines": {
        "node": "*"
      }
    }
  },
  "dependencies": {
    "validation": {
      "version": "0.0.1",
      "resolved": "https://registry.npmjs.org/validation/-/validation-0.0.1.tgz",
      "integrity": "sha512-wddkc+W23TtYJbBQNZc3vxfDXB/nkolCpCOkX/W5tSyK1hQenEHV7ZiAf3OR6N96a9+wzX7zsw3uSCfoTJgCyg=="
    }
  }
}
